
Microsoft Visual Studio Solution File, Format Version 12.00
Project("{F2A71F9B-5D33-465A-A702-920D77279786}") = "BlockheadGameBackend", "BlockheadGameBackend\BlockheadGameBackend.fsproj", "{A74E2E0F-C7B0-42DD-8D3C-948CFE4115E8}"
EndProject
Global
	GlobalSection(SolutionConfigurationPlatforms) = preSolution
		Debug|Any CPU = Debug|Any CPU
		Release|Any CPU = Release|Any CPU
	EndGlobalSection
	GlobalSection(ProjectConfigurationPlatforms) = postSolution
		{A74E2E0F-C7B0-42DD-8D3C-948CFE4115E8}.Debug|Any CPU.ActiveCfg = Debug|Any CPU
		{A74E2E0F-C7B0-42DD-8D3C-948CFE4115E8}.Debug|Any CPU.Build.0 = Debug|Any CPU
		{A74E2E0F-C7B0-42DD-8D3C-948CFE4115E8}.Release|Any CPU.ActiveCfg = Release|Any CPU
		{A74E2E0F-C7B0-42DD-8D3C-948CFE4115E8}.Release|Any CPU.Build.0 = Release|Any CPU
	EndGlobalSection
EndGlobal
